
Microsoft Visual Studio Solution File, Format Version 12.00
# Visual Studio 15
VisualStudioVersion = 15.0.26730.10
MinimumVisualStudioVersion = 10.0.40219.1
Project("{FAE04EC0-301F-11D3-BF4B-00C04F79EFBC}") = "CharacterEditor", "CharacterEditor\CharacterEditor.csproj", "{3DB885C0-65D6-49F1-89F2-AAF9981D0261}"
EndProject
Global
	GlobalSection(SolutionConfigurationPlatforms) = preSolution
		Debug|Any CPU = Debug|Any CPU
		Release|Any CPU = Release|Any CPU
	EndGlobalSection
	GlobalSection(ProjectConfigurationPlatforms) = postSolution
		{3DB885C0-65D6-49F1-89F2-AAF9981D0261}.Debug|Any CPU.ActiveCfg = Debug|Any CPU
		{3DB885C0-65D6-49F1-89F2-AAF9981D0261}.Debug|Any CPU.Build.0 = Debug|Any CPU
		{3DB885C0-65D6-49F1-89F2-AAF9981D0261}.Release|Any CPU.ActiveCfg = Release|Any CPU
		{3DB885C0-65D6-49F1-89F2-AAF9981D0261}.Release|Any CPU.Build.0 = Release|Any CPU
	EndGlobalSection
	GlobalSection(SolutionProperties) = preSolution
		HideSolutionNode = FALSE
	EndGlobalSection
	GlobalSection(ExtensibilityGlobals) = postSolution
		SolutionGuid = {2AE0CC22-318D-4348-AF1E-80DE7931750A}
	EndGlobalSection
EndGlobal
